
Microsoft Visual Studio Solution File, Format Version 12.00
# Visual Studio 15
VisualStudioVersion = 15.0.28307.489
MinimumVisualStudioVersion = 10.0.40219.1
Project("{FAE04EC0-301F-11D3-BF4B-00C04F79EFBC}") = "EloadasProject", "EloadasProject\EloadasProject.csproj", "{FEAB42CC-B193-425E-9E92-3DE224388238}"
EndProject
Global
	GlobalSection(SolutionConfigurationPlatforms) = preSolution
		Debug|Any CPU = Debug|Any CPU
		Release|Any CPU = Release|Any CPU
	EndGlobalSection
	GlobalSection(ProjectConfigurationPlatforms) = postSolution
		{FEAB42CC-B193-425E-9E92-3DE224388238}.Debug|Any CPU.ActiveCfg = Debug|Any CPU
		{FEAB42CC-B193-425E-9E92-3DE224388238}.Debug|Any CPU.Build.0 = Debug|Any CPU
		{FEAB42CC-B193-425E-9E92-3DE224388238}.Release|Any CPU.ActiveCfg = Release|Any CPU
		{FEAB42CC-B193-425E-9E92-3DE224388238}.Release|Any CPU.Build.0 = Release|Any CPU
	EndGlobalSection
	GlobalSection(SolutionProperties) = preSolution
		HideSolutionNode = FALSE
	EndGlobalSection
	GlobalSection(ExtensibilityGlobals) = postSolution
		SolutionGuid = {00969905-1964-418E-8150-0BE7DDA17E68}
	EndGlobalSection
EndGlobal
